
Microsoft Visual Studio Solution File, Format Version 12.00
# Visual Studio Version 17
VisualStudioVersion = 17.1.32210.238
MinimumVisualStudioVersion = 10.0.40219.1
Project("{9A19103F-16F7-4668-BE54-9A1E7A4F7556}") = "CarParkSystem", "CarParkSystem\CarParkSystem.csproj", "{F2DEEA91-7AE2-46F2-8883-C6C44ED61961}"
EndProject
Project("{9A19103F-16F7-4668-BE54-9A1E7A4F7556}") = "CarParkSystem.Persistence", "CarParkSystem.Persistence\CarParkSystem.Persistence.csproj", "{A590D09E-4221-43F2-85A5-FE08D1B7772E}"
EndProject
Project("{FAE04EC0-301F-11D3-BF4B-00C04F79EFBC}") = "CarParkSystem.Tests", "CarParkSystem.Tests\CarParkSystem.Tests.csproj", "{5AA2F9C9-48CE-4423-B974-3EE7425BAC66}"
EndProject
Global
	GlobalSection(SolutionConfigurationPlatforms) = preSolution
		Debug|Any CPU = Debug|Any CPU
		Release|Any CPU = Release|Any CPU
	EndGlobalSection
	GlobalSection(ProjectConfigurationPlatforms) = postSolution
		{F2DEEA91-7AE2-46F2-8883-C6C44ED61961}.Debug|Any CPU.ActiveCfg = Debug|Any CPU
		{F2DEEA91-7AE2-46F2-8883-C6C44ED61961}.Debug|Any CPU.Build.0 = Debug|Any CPU
		{F2DEEA91-7AE2-46F2-8883-C6C44ED61961}.Release|Any CPU.ActiveCfg = Release|Any CPU
		{F2DEEA91-7AE2-46F2-8883-C6C44ED61961}.Release|Any CPU.Build.0 = Release|Any CPU
		{A590D09E-4221-43F2-85A5-FE08D1B7772E}.Debug|Any CPU.ActiveCfg = Debug|Any CPU
		{A590D09E-4221-43F2-85A5-FE08D1B7772E}.Debug|Any CPU.Build.0 = Debug|Any CPU
		{A590D09E-4221-43F2-85A5-FE08D1B7772E}.Release|Any CPU.ActiveCfg = Release|Any CPU
		{A590D09E-4221-43F2-85A5-FE08D1B7772E}.Release|Any CPU.Build.0 = Release|Any CPU
		{5AA2F9C9-48CE-4423-B974-3EE7425BAC66}.Debug|Any CPU.ActiveCfg = Debug|Any CPU
		{5AA2F9C9-48CE-4423-B974-3EE7425BAC66}.Debug|Any CPU.Build.0 = Debug|Any CPU
		{5AA2F9C9-48CE-4423-B974-3EE7425BAC66}.Release|Any CPU.ActiveCfg = Release|Any CPU
		{5AA2F9C9-48CE-4423-B974-3EE7425BAC66}.Release|Any CPU.Build.0 = Release|Any CPU
	EndGlobalSection
	GlobalSection(SolutionProperties) = preSolution
		HideSolutionNode = FALSE
	EndGlobalSection
	GlobalSection(ExtensibilityGlobals) = postSolution
		SolutionGuid = {253E96A1-12EC-4E44-AB27-A55DA5CCC9D1}
	EndGlobalSection
EndGlobal
